
Microsoft Visual Studio Solution File, Format Version 12.00
# Visual Studio Version 17
VisualStudioVersion = 17.6.33712.159
MinimumVisualStudioVersion = 10.0.40219.1
Project("{FAE04EC0-301F-11D3-BF4B-00C04F79EFBC}") = "HW_WPF_Calculator", "HW_WPF_Calculator\HW_WPF_Calculator.csproj", "{FB50726F-AF5B-48E1-B4E3-0026D66D96C3}"
EndProject
Global
	GlobalSection(SolutionConfigurationPlatforms) = preSolution
		Debug|Any CPU = Debug|Any CPU
		Release|Any CPU = Release|Any CPU
	EndGlobalSection
	GlobalSection(ProjectConfigurationPlatforms) = postSolution
		{FB50726F-AF5B-48E1-B4E3-0026D66D96C3}.Debug|Any CPU.ActiveCfg = Debug|Any CPU
		{FB50726F-AF5B-48E1-B4E3-0026D66D96C3}.Debug|Any CPU.Build.0 = Debug|Any CPU
		{FB50726F-AF5B-48E1-B4E3-0026D66D96C3}.Release|Any CPU.ActiveCfg = Release|Any CPU
		{FB50726F-AF5B-48E1-B4E3-0026D66D96C3}.Release|Any CPU.Build.0 = Release|Any CPU
	EndGlobalSection
	GlobalSection(SolutionProperties) = preSolution
		HideSolutionNode = FALSE
	EndGlobalSection
	GlobalSection(ExtensibilityGlobals) = postSolution
		SolutionGuid = {4C89926E-B497-492F-BD95-4A8D7C676211}
	EndGlobalSection
EndGlobal
